// !$*UTF8*$!
{
	archiveVersion = 1;
	classes = {
	};
	objectVersion = 56;
	objects = {

/* Begin PBXBuildFile section */
		272A57B72A3D75A9006455F0 /* FavouritesApp.swift in Sources */ = {isa = PBXBuildFile; fileRef = 272A57B62A3D75A9006455F0 /* FavouritesApp.swift */; };
		272A57B92A3D75A9006455F0 /* FavouriteNumberView.swift in Sources */ = {isa = PBXBuildFile; fileRef = 272A57B82A3D75A9006455F0 /* FavouriteNumberView.swift */; };
		272A57BB2A3D75AA006455F0 /* Assets.xcassets in Resources */ = {isa = PBXBuildFile; fileRef = 272A57BA2A3D75AA006455F0 /* Assets.xcassets */; };
		272A57BF2A3D75AA006455F0 /* Preview Assets.xcassets in Resources */ = {isa = PBXBuildFile; fileRef = 272A57BE2A3D75AA006455F0 /* Preview Assets.xcassets */; };
		272A57C62A3D7746006455F0 /* GoogleService-Info.plist in Resources */ = {isa = PBXBuildFile; fileRef = 272A57C52A3D7746006455F0 /* GoogleService-Info.plist */; };
		272A57E42A3D7853006455F0 /* FirebaseAnalytics in Frameworks */ = {isa = PBXBuildFile; productRef = 272A57E32A3D7853006455F0 /* FirebaseAnalytics */; };
		272A57E62A3D7853006455F0 /* FirebaseAnalyticsSwift in Frameworks */ = {isa = PBXBuildFile; productRef = 272A57E52A3D7853006455F0 /* FirebaseAnalyticsSwift */; };
		272A57E82A3D7CB5006455F0 /* FavouriteNumberViewModel.swift in Sources */ = {isa = PBXBuildFile; fileRef = 272A57E72A3D7CB5006455F0 /* FavouriteNumberViewModel.swift */; };
		272A57EA2A3D94E1006455F0 /* AuthenticatedView.swift in Sources */ = {isa = PBXBuildFile; fileRef = 272A57E92A3D94E1006455F0 /* AuthenticatedView.swift */; };
		272A57ED2A3D95BE006455F0 /* AuthenticationViewModel.swift in Sources */ = {isa = PBXBuildFile; fileRef = 272A57EC2A3D95BE006455F0 /* AuthenticationViewModel.swift */; };
		272A57EF2A3D9F29006455F0 /* AuthenticationView.swift in Sources */ = {isa = PBXBuildFile; fileRef = 272A57EE2A3D9F29006455F0 /* AuthenticationView.swift */; };
		272A57F12A3DA69D006455F0 /* LoginView.swift in Sources */ = {isa = PBXBuildFile; fileRef = 272A57F02A3DA69D006455F0 /* LoginView.swift */; };
		272A57F32A3DA6B6006455F0 /* SignUpView.swift in Sources */ = {isa = PBXBuildFile; fileRef = 272A57F22A3DA6B6006455F0 /* SignUpView.swift */; };
		272A57F52A3DAF9B006455F0 /* UserProfileView.swift in Sources */ = {isa = PBXBuildFile; fileRef = 272A57F42A3DAF9B006455F0 /* UserProfileView.swift */; };
		272A57F82A3DC4BF006455F0 /* FirebaseAuth in Frameworks */ = {isa = PBXBuildFile; productRef = 272A57F72A3DC4BF006455F0 /* FirebaseAuth */; };
/* End PBXBuildFile section */

/* Begin PBXFileReference section */
		272A57B32A3D75A9006455F0 /* Favourites.app */ = {isa = PBXFileReference; explicitFileType = wrapper.application; includeInIndex = 0; path = Favourites.app; sourceTree = BUILT_PRODUCTS_DIR; };
		272A57B62A3D75A9006455F0 /* FavouritesApp.swift */ = {isa = PBXFileReference; lastKnownFileType = sourcecode.swift; path = FavouritesApp.swift; sourceTree = "<group>"; };
		272A57B82A3D75A9006455F0 /* FavouriteNumberView.swift */ = {isa = PBXFileReference; lastKnownFileType = sourcecode.swift; path = FavouriteNumberView.swift; sourceTree = "<group>"; };
		272A57BA2A3D75AA006455F0 /* Assets.xcassets */ = {isa = PBXFileReference; lastKnownFileType = folder.assetcatalog; path = Assets.xcassets; sourceTree = "<group>"; };
		272A57BC2A3D75AA006455F0 /* Favourites.entitlements */ = {isa = PBXFileReference; lastKnownFileType = text.plist.entitlements; path = Favourites.entitlements; sourceTree = "<group>"; };
		272A57BE2A3D75AA006455F0 /* Preview Assets.xcassets */ = {isa = PBXFileReference; lastKnownFileType = folder.assetcatalog; path = "Preview Assets.xcassets"; sourceTree = "<group>"; };
		272A57C52A3D7746006455F0 /* GoogleService-Info.plist */ = {isa = PBXFileReference; fileEncoding = 4; lastKnownFileType = text.plist.xml; path = "GoogleService-Info.plist"; sourceTree = "<group>"; };
		272A57E72A3D7CB5006455F0 /* FavouriteNumberViewModel.swift */ = {isa = PBXFileReference; lastKnownFileType = sourcecode.swift; path = FavouriteNumberViewModel.swift; sourceTree = "<group>"; };
		272A57E92A3D94E1006455F0 /* AuthenticatedView.swift */ = {isa = PBXFileReference; lastKnownFileType = sourcecode.swift; path = AuthenticatedView.swift; sourceTree = "<group>"; };
		272A57EC2A3D95BE006455F0 /* AuthenticationViewModel.swift */ = {isa = PBXFileReference; lastKnownFileType = sourcecode.swift; path = AuthenticationViewModel.swift; sourceTree = "<group>"; };
		272A57EE2A3D9F29006455F0 /* AuthenticationView.swift */ = {isa = PBXFileReference; lastKnownFileType = sourcecode.swift; path = AuthenticationView.swift; sourceTree = "<group>"; };
		272A57F02A3DA69D006455F0 /* LoginView.swift */ = {isa = PBXFileReference; lastKnownFileType = sourcecode.swift; path = LoginView.swift; sourceTree = "<group>"; };
		272A57F22A3DA6B6006455F0 /* SignUpView.swift */ = {isa = PBXFileReference; lastKnownFileType = sourcecode.swift; path = SignUpView.swift; sourceTree = "<group>"; };
		272A57F42A3DAF9B006455F0 /* UserProfileView.swift */ = {isa = PBXFileReference; lastKnownFileType = sourcecode.swift; path = UserProfileView.swift; sourceTree = "<group>"; };
/* End PBXFileReference section */

/* Begin PBXFrameworksBuildPhase section */
		272A57B02A3D75A9006455F0 /* Frameworks */ = {
			isa = PBXFrameworksBuildPhase;
			buildActionMask = 2147483647;
			files = (
				272A57E62A3D7853006455F0 /* FirebaseAnalyticsSwift in Frameworks */,
				272A57F82A3DC4BF006455F0 /* FirebaseAuth in Frameworks */,
				272A57E42A3D7853006455F0 /* FirebaseAnalytics in Frameworks */,
			);
			runOnlyForDeploymentPostprocessing = 0;
		};
/* End PBXFrameworksBuildPhase section */

/* Begin PBXGroup section */
		272A57AA2A3D75A9006455F0 = {
			isa = PBXGroup;
			children = (
				272A57B52A3D75A9006455F0 /* Favourites */,
				272A57B42A3D75A9006455F0 /* Products */,
				272A57F62A3DC4BF006455F0 /* Frameworks */,
			);
			sourceTree = "<group>";
		};
		272A57B42A3D75A9006455F0 /* Products */ = {
			isa = PBXGroup;
			children = (
				272A57B32A3D75A9006455F0 /* Favourites.app */,
			);
			name = Products;
			sourceTree = "<group>";
		};
		272A57B52A3D75A9006455F0 /* Favourites */ = {
			isa = PBXGroup;
			children = (
				272A57C52A3D7746006455F0 /* GoogleService-Info.plist */,
				272A57B62A3D75A9006455F0 /* FavouritesApp.swift */,
				272A57B82A3D75A9006455F0 /* FavouriteNumberView.swift */,
				272A57E72A3D7CB5006455F0 /* FavouriteNumberViewModel.swift */,
				272A57EB2A3D95B4006455F0 /* Auth */,
				272A57BA2A3D75AA006455F0 /* Assets.xcassets */,
				272A57BC2A3D75AA006455F0 /* Favourites.entitlements */,
				272A57BD2A3D75AA006455F0 /* Preview Content */,
			);
			path = Favourites;
			sourceTree = "<group>";
		};
		272A57BD2A3D75AA006455F0 /* Preview Content */ = {
			isa = PBXGroup;
			children = (
				272A57BE2A3D75AA006455F0 /* Preview Assets.xcassets */,
			);
			path = "Preview Content";
			sourceTree = "<group>";
		};
		272A57EB2A3D95B4006455F0 /* Auth */ = {
			isa = PBXGroup;
			children = (
				272A57E92A3D94E1006455F0 /* AuthenticatedView.swift */,
				272A57EE2A3D9F29006455F0 /* AuthenticationView.swift */,
				272A57F02A3DA69D006455F0 /* LoginView.swift */,
				272A57F22A3DA6B6006455F0 /* SignUpView.swift */,
				272A57F42A3DAF9B006455F0 /* UserProfileView.swift */,
				272A57EC2A3D95BE006455F0 /* AuthenticationViewModel.swift */,
			);
			path = Auth;
			sourceTree = "<group>";
		};
		272A57F62A3DC4BF006455F0 /* Frameworks */ = {
			isa = PBXGroup;
			children = (
			);
			name = Frameworks;
			sourceTree = "<group>";
		};
/* End PBXGroup section */

/* Begin PBXNativeTarget section */
		272A57B22A3D75A9006455F0 /* Favourites */ = {
			isa = PBXNativeTarget;
			buildConfigurationList = 272A57C22A3D75AA006455F0 /* Build configuration list for PBXNativeTarget "Favourites" */;
			buildPhases = (
				272A57AF2A3D75A9006455F0 /* Sources */,
				272A57B02A3D75A9006455F0 /* Frameworks */,
				272A57B12A3D75A9006455F0 /* Resources */,
			);
			buildRules = (
			);
			dependencies = (
			);
			name = Favourites;
			packageProductDependencies = (
				272A57E32A3D7853006455F0 /* FirebaseAnalytics */,
				272A57E52A3D7853006455F0 /* FirebaseAnalyticsSwift */,
				272A57F72A3DC4BF006455F0 /* FirebaseAuth */,
			);
			productName = Favourites;
			productReference = 272A57B32A3D75A9006455F0 /* Favourites.app */;
			productType = "com.apple.product-type.application";
		};
/* End PBXNativeTarget section */

/* Begin PBXProject section */
		272A57AB2A3D75A9006455F0 /* Project object */ = {
			isa = PBXProject;
			attributes = {
				BuildIndependentTargetsInParallel = 1;
				LastSwiftUpdateCheck = 1430;
				LastUpgradeCheck = 1430;
				TargetAttributes = {
					272A57B22A3D75A9006455F0 = {
						CreatedOnToolsVersion = 14.3.1;
					};
				};
			};
			buildConfigurationList = 272A57AE2A3D75A9006455F0 /* Build configuration list for PBXProject "Favourites" */;
			compatibilityVersion = "Xcode 14.0";
			developmentRegion = en;
			hasScannedForEncodings = 0;
			knownRegions = (
				en,
				Base,
			);
			mainGroup = 272A57AA2A3D75A9006455F0;
			packageReferences = (
				272A57E22A3D7853006455F0 /* XCRemoteSwiftPackageReference "firebase-ios-sdk" */,
			);
			productRefGroup = 272A57B42A3D75A9006455F0 /* Products */;
			projectDirPath = "";
			projectRoot = "";
			targets = (
				272A57B22A3D75A9006455F0 /* Favourites */,
			);
		};
/* End PBXProject section */

/* Begin PBXResourcesBuildPhase section */
		272A57B12A3D75A9006455F0 /* Resources */ = {
			isa = PBXResourcesBuildPhase;
			buildActionMask = 2147483647;
			files = (
				272A57BF2A3D75AA006455F0 /* Preview Assets.xcassets in Resources */,
				272A57BB2A3D75AA006455F0 /* Assets.xcassets in Resources */,
				272A57C62A3D7746006455F0 /* GoogleService-Info.plist in Resources */,
			);
			runOnlyForDeploymentPostprocessing = 0;
		};
/* End PBXResourcesBuildPhase section */

/* Begin PBXSourcesBuildPhase section */
		272A57AF2A3D75A9006455F0 /* Sources */ = {
			isa = PBXSourcesBuildPhase;
			buildActionMask = 2147483647;
			files = (
				272A57EA2A3D94E1006455F0 /* AuthenticatedView.swift in Sources */,
				272A57F52A3DAF9B006455F0 /* UserProfileView.swift in Sources */,
				272A57F12A3DA69D006455F0 /* LoginView.swift in Sources */,
				272A57ED2A3D95BE006455F0 /* AuthenticationViewModel.swift in Sources */,
				272A57EF2A3D9F29006455F0 /* AuthenticationView.swift in Sources */,
				272A57F32A3DA6B6006455F0 /* SignUpView.swift in Sources */,
				272A57B92A3D75A9006455F0 /* FavouriteNumberView.swift in Sources */,
				272A57B72A3D75A9006455F0 /* FavouritesApp.swift in Sources */,
				272A57E82A3D7CB5006455F0 /* FavouriteNumberViewModel.swift in Sources */,
			);
			runOnlyForDeploymentPostprocessing = 0;
		};
/* End PBXSourcesBuildPhase section */

/* Begin XCBuildConfiguration section */
		272A57C02A3D75AA006455F0 /* Debug */ = {
			isa = XCBuildConfiguration;
			buildSettings = {
				ALWAYS_SEARCH_USER_PATHS = NO;
				CLANG_ANALYZER_NONNULL = YES;
				CLANG_ANALYZER_NUMBER_OBJECT_CONVERSION = YES_AGGRESSIVE;
				CLANG_CXX_LANGUAGE_STANDARD = "gnu++20";
				CLANG_ENABLE_MODULES = YES;
				CLANG_ENABLE_OBJC_ARC = YES;
				CLANG_ENABLE_OBJC_WEAK = YES;
				CLANG_WARN_BLOCK_CAPTURE_AUTORELEASING = YES;
				CLANG_WARN_BOOL_CONVERSION = YES;
				CLANG_WARN_COMMA = YES;
				CLANG_WARN_CONSTANT_CONVERSION = YES;
				CLANG_WARN_DEPRECATED_OBJC_IMPLEMENTATIONS = YES;
				CLANG_WARN_DIRECT_OBJC_ISA_USAGE = YES_ERROR;
				CLANG_WARN_DOCUMENTATION_COMMENTS = YES;
				CLANG_WARN_EMPTY_BODY = YES;
				CLANG_WARN_ENUM_CONVERSION = YES;
				CLANG_WARN_INFINITE_RECURSION = YES;
				CLANG_WARN_INT_CONVERSION = YES;
				CLANG_WARN_NON_LITERAL_NULL_CONVERSION = YES;
				CLANG_WARN_OBJC_IMPLICIT_RETAIN_SELF = YES;
				CLANG_WARN_OBJC_LITERAL_CONVERSION = YES;
				CLANG_WARN_OBJC_ROOT_CLASS = YES_ERROR;
				CLANG_WARN_QUOTED_INCLUDE_IN_FRAMEWORK_HEADER = YES;
				CLANG_WARN_RANGE_LOOP_ANALYSIS = YES;
				CLANG_WARN_STRICT_PROTOTYPES = YES;
				CLANG_WARN_SUSPICIOUS_MOVE = YES;
				CLANG_WARN_UNGUARDED_AVAILABILITY = YES_AGGRESSIVE;
				CLANG_WARN_UNREACHABLE_CODE = YES;
				CLANG_WARN__DUPLICATE_METHOD_MATCH = YES;
				COPY_PHASE_STRIP = NO;
				DEBUG_INFORMATION_FORMAT = dwarf;
				ENABLE_STRICT_OBJC_MSGSEND = YES;
				ENABLE_TESTABILITY = YES;
				GCC_C_LANGUAGE_STANDARD = gnu11;
				GCC_DYNAMIC_NO_PIC = NO;
				GCC_NO_COMMON_BLOCKS = YES;
				GCC_OPTIMIZATION_LEVEL = 0;
				GCC_PREPROCESSOR_DEFINITIONS = (
					"DEBUG=1",
					"$(inherited)",
				);
				GCC_WARN_64_TO_32_BIT_CONVERSION = YES;
				GCC_WARN_ABOUT_RETURN_TYPE = YES_ERROR;
				GCC_WARN_UNDECLARED_SELECTOR = YES;
				GCC_WARN_UNINITIALIZED_AUTOS = YES_AGGRESSIVE;
				GCC_WARN_UNUSED_FUNCTION = YES;
				GCC_WARN_UNUSED_VARIABLE = YES;
				MTL_ENABLE_DEBUG_INFO = INCLUDE_SOURCE;
				MTL_FAST_MATH = YES;
				ONLY_ACTIVE_ARCH = YES;
				SWIFT_ACTIVE_COMPILATION_CONDITIONS = DEBUG;
				SWIFT_OPTIMIZATION_LEVEL = "-Onone";
			};
			name = Debug;
		};
		272A57C12A3D75AA006455F0 /* Release */ = {
			isa = XCBuildConfiguration;
			buildSettings = {
				ALWAYS_SEARCH_USER_PATHS = NO;
				CLANG_ANALYZER_NONNULL = YES;
				CLANG_ANALYZER_NUMBER_OBJECT_CONVERSION = YES_AGGRESSIVE;
				CLANG_CXX_LANGUAGE_STANDARD = "gnu++20";
				CLANG_ENABLE_MODULES = YES;
				CLANG_ENABLE_OBJC_ARC = YES;
				CLANG_ENABLE_OBJC_WEAK = YES;
				CLANG_WARN_BLOCK_CAPTURE_AUTORELEASING = YES;
				CLANG_WARN_BOOL_CONVERSION = YES;
				CLANG_WARN_COMMA = YES;
				CLANG_WARN_CONSTANT_CONVERSION = YES;
				CLANG_WARN_DEPRECATED_OBJC_IMPLEMENTATIONS = YES;
				CLANG_WARN_DIRECT_OBJC_ISA_USAGE = YES_ERROR;
				CLANG_WARN_DOCUMENTATION_COMMENTS = YES;
				CLANG_WARN_EMPTY_BODY = YES;
				CLANG_WARN_ENUM_CONVERSION = YES;
				CLANG_WARN_INFINITE_RECURSION = YES;
				CLANG_WARN_INT_CONVERSION = YES;
				CLANG_WARN_NON_LITERAL_NULL_CONVERSION = YES;
				CLANG_WARN_OBJC_IMPLICIT_RETAIN_SELF = YES;
				CLANG_WARN_OBJC_LITERAL_CONVERSION = YES;
				CLANG_WARN_OBJC_ROOT_CLASS = YES_ERROR;
				CLANG_WARN_QUOTED_INCLUDE_IN_FRAMEWORK_HEADER = YES;
				CLANG_WARN_RANGE_LOOP_ANALYSIS = YES;
				CLANG_WARN_STRICT_PROTOTYPES = YES;
				CLANG_WARN_SUSPICIOUS_MOVE = YES;
				CLANG_WARN_UNGUARDED_AVAILABILITY = YES_AGGRESSIVE;
				CLANG_WARN_UNREACHABLE_CODE = YES;
				CLANG_WARN__DUPLICATE_METHOD_MATCH = YES;
				COPY_PHASE_STRIP = NO;
				DEBUG_INFORMATION_FORMAT = "dwarf-with-dsym";
				ENABLE_NS_ASSERTIONS = NO;
				ENABLE_STRICT_OBJC_MSGSEND = YES;
				GCC_C_LANGUAGE_STANDARD = gnu11;
				GCC_NO_COMMON_BLOCKS = YES;
				GCC_WARN_64_TO_32_BIT_CONVERSION = YES;
				GCC_WARN_ABOUT_RETURN_TYPE = YES_ERROR;
				GCC_WARN_UNDECLARED_SELECTOR = YES;
				GCC_WARN_UNINITIALIZED_AUTOS = YES_AGGRESSIVE;
				GCC_WARN_UNUSED_FUNCTION = YES;
				GCC_WARN_UNUSED_VARIABLE = YES;
				MTL_ENABLE_DEBUG_INFO = NO;
				MTL_FAST_MATH = YES;
				SWIFT_COMPILATION_MODE = wholemodule;
				SWIFT_OPTIMIZATION_LEVEL = "-O";
			};
			name = Release;
		};
		272A57C32A3D75AA006455F0 /* Debug */ = {
			isa = XCBuildConfiguration;
			buildSettings = {
				ASSETCATALOG_COMPILER_APPICON_NAME = AppIcon;
				ASSETCATALOG_COMPILER_GLOBAL_ACCENT_COLOR_NAME = AccentColor;
				CODE_SIGN_ENTITLEMENTS = Favourites/Favourites.entitlements;
				CODE_SIGN_STYLE = Automatic;
				CURRENT_PROJECT_VERSION = 1;
				DEVELOPMENT_ASSET_PATHS = "\"Favourites/Preview Content\"";
				DEVELOPMENT_TEAM = 723HTEFHBA;
				ENABLE_HARDENED_RUNTIME = YES;
				ENABLE_PREVIEWS = YES;
				GENERATE_INFOPLIST_FILE = YES;
				"INFOPLIST_KEY_UIApplicationSceneManifest_Generation[sdk=iphoneos*]" = YES;
				"INFOPLIST_KEY_UIApplicationSceneManifest_Generation[sdk=iphonesimulator*]" = YES;
				"INFOPLIST_KEY_UIApplicationSupportsIndirectInputEvents[sdk=iphoneos*]" = YES;
				"INFOPLIST_KEY_UIApplicationSupportsIndirectInputEvents[sdk=iphonesimulator*]" = YES;
				"INFOPLIST_KEY_UILaunchScreen_Generation[sdk=iphoneos*]" = YES;
				"INFOPLIST_KEY_UILaunchScreen_Generation[sdk=iphonesimulator*]" = YES;
				"INFOPLIST_KEY_UIStatusBarStyle[sdk=iphoneos*]" = UIStatusBarStyleDefault;
				"INFOPLIST_KEY_UIStatusBarStyle[sdk=iphonesimulator*]" = UIStatusBarStyleDefault;
				INFOPLIST_KEY_UISupportedInterfaceOrientations_iPad = "UIInterfaceOrientationPortrait UIInterfaceOrientationPortraitUpsideDown UIInterfaceOrientationLandscapeLeft UIInterfaceOrientationLandscapeRight";
				INFOPLIST_KEY_UISupportedInterfaceOrientations_iPhone = "UIInterfaceOrientationPortrait UIInterfaceOrientationLandscapeLeft UIInterfaceOrientationLandscapeRight";
				IPHONEOS_DEPLOYMENT_TARGET = 16.4;
				LD_RUNPATH_SEARCH_PATHS = "@executable_path/Frameworks";
				"LD_RUNPATH_SEARCH_PATHS[sdk=macosx*]" = "@executable_path/../Frameworks";
				MACOSX_DEPLOYMENT_TARGET = 13.3;
				MARKETING_VERSION = 1.0;
				PRODUCT_BUNDLE_IDENTIFIER = ru.fibeapp.Favourites;
				PRODUCT_NAME = "$(TARGET_NAME)";
				SDKROOT = auto;
				SUPPORTED_PLATFORMS = "iphoneos iphonesimulator macosx";
				SWIFT_EMIT_LOC_STRINGS = YES;
				SWIFT_VERSION = 5.0;
				TARGETED_DEVICE_FAMILY = "1,2";
			};
			name = Debug;
		};
		272A57C42A3D75AA006455F0 /* Release */ = {
			isa = XCBuildConfiguration;
			buildSettings = {
				ASSETCATALOG_COMPILER_APPICON_NAME = AppIcon;
				ASSETCATALOG_COMPILER_GLOBAL_ACCENT_COLOR_NAME = AccentColor;
				CODE_SIGN_ENTITLEMENTS = Favourites/Favourites.entitlements;
				CODE_SIGN_STYLE = Automatic;
				CURRENT_PROJECT_VERSION = 1;
				DEVELOPMENT_ASSET_PATHS = "\"Favourites/Preview Content\"";
				DEVELOPMENT_TEAM = 723HTEFHBA;
				ENABLE_HARDENED_RUNTIME = YES;
				ENABLE_PREVIEWS = YES;
				GENERATE_INFOPLIST_FILE = YES;
				"INFOPLIST_KEY_UIApplicationSceneManifest_Generation[sdk=iphoneos*]" = YES;
				"INFOPLIST_KEY_UIApplicationSceneManifest_Generation[sdk=iphonesimulator*]" = YES;
				"INFOPLIST_KEY_UIApplicationSupportsIndirectInputEvents[sdk=iphoneos*]" = YES;
				"INFOPLIST_KEY_UIApplicationSupportsIndirectInputEvents[sdk=iphonesimulator*]" = YES;
				"INFOPLIST_KEY_UILaunchScreen_Generation[sdk=iphoneos*]" = YES;
				"INFOPLIST_KEY_UILaunchScreen_Generation[sdk=iphonesimulator*]" = YES;
				"INFOPLIST_KEY_UIStatusBarStyle[sdk=iphoneos*]" = UIStatusBarStyleDefault;
				"INFOPLIST_KEY_UIStatusBarStyle[sdk=iphonesimulator*]" = UIStatusBarStyleDefault;
				INFOPLIST_KEY_UISupportedInterfaceOrientations_iPad = "UIInterfaceOrientationPortrait UIInterfaceOrientationPortraitUpsideDown UIInterfaceOrientationLandscapeLeft UIInterfaceOrientationLandscapeRight";
				INFOPLIST_KEY_UISupportedInterfaceOrientations_iPhone = "UIInterfaceOrientationPortrait UIInterfaceOrientationLandscapeLeft UIInterfaceOrientationLandscapeRight";
				IPHONEOS_DEPLOYMENT_TARGET = 16.4;
				LD_RUNPATH_SEARCH_PATHS = "@executable_path/Frameworks";
				"LD_RUNPATH_SEARCH_PATHS[sdk=macosx*]" = "@executable_path/../Frameworks";
				MACOSX_DEPLOYMENT_TARGET = 13.3;
				MARKETING_VERSION = 1.0;
				PRODUCT_BUNDLE_IDENTIFIER = ru.fibeapp.Favourites;
				PRODUCT_NAME = "$(TARGET_NAME)";
				SDKROOT = auto;
				SUPPORTED_PLATFORMS = "iphoneos iphonesimulator macosx";
				SWIFT_EMIT_LOC_STRINGS = YES;
				SWIFT_VERSION = 5.0;
				TARGETED_DEVICE_FAMILY = "1,2";
			};
			name = Release;
		};
/* End XCBuildConfiguration section */

/* Begin XCConfigurationList section */
		272A57AE2A3D75A9006455F0 /* Build configuration list for PBXProject "Favourites" */ = {
			isa = XCConfigurationList;
			buildConfigurations = (
				272A57C02A3D75AA006455F0 /* Debug */,
				272A57C12A3D75AA006455F0 /* Release */,
			);
			defaultConfigurationIsVisible = 0;
			defaultConfigurationName = Release;
		};
		272A57C22A3D75AA006455F0 /* Build configuration list for PBXNativeTarget "Favourites" */ = {
			isa = XCConfigurationList;
			buildConfigurations = (
				272A57C32A3D75AA006455F0 /* Debug */,
				272A57C42A3D75AA006455F0 /* Release */,
			);
			defaultConfigurationIsVisible = 0;
			defaultConfigurationName = Release;
		};
/* End XCConfigurationList section */

/* Begin XCRemoteSwiftPackageReference section */
		272A57E22A3D7853006455F0 /* XCRemoteSwiftPackageReference "firebase-ios-sdk" */ = {
			isa = XCRemoteSwiftPackageReference;
			repositoryURL = "https://github.com/firebase/firebase-ios-sdk";
			requirement = {
				kind = upToNextMajorVersion;
				minimumVersion = 10.0.0;
			};
		};
/* End XCRemoteSwiftPackageReference section */

/* Begin XCSwiftPackageProductDependency section */
		272A57E32A3D7853006455F0 /* FirebaseAnalytics */ = {
			isa = XCSwiftPackageProductDependency;
			package = 272A57E22A3D7853006455F0 /* XCRemoteSwiftPackageReference "firebase-ios-sdk" */;
			productName = FirebaseAnalytics;
		};
		272A57E52A3D7853006455F0 /* FirebaseAnalyticsSwift */ = {
			isa = XCSwiftPackageProductDependency;
			package = 272A57E22A3D7853006455F0 /* XCRemoteSwiftPackageReference "firebase-ios-sdk" */;
			productName = FirebaseAnalyticsSwift;
		};
		272A57F72A3DC4BF006455F0 /* FirebaseAuth */ = {
			isa = XCSwiftPackageProductDependency;
			package = 272A57E22A3D7853006455F0 /* XCRemoteSwiftPackageReference "firebase-ios-sdk" */;
			productName = FirebaseAuth;
		};
/* End XCSwiftPackageProductDependency section */
	};
	rootObject = 272A57AB2A3D75A9006455F0 /* Project object */;
}
